// !$*UTF8*$!
{
	archiveVersion = 1;
	classes = {
	};
	objectVersion = 50;
	objects = {

/* Begin PBXBuildFile section */
		18C6991922EB6E530086086F /* AppDelegate.swift in Sources */ = {isa = PBXBuildFile; fileRef = 18C6991822EB6E530086086F /* AppDelegate.swift */; };
		18C6991E22EB6E530086086F /* Main.storyboard in Resources */ = {isa = PBXBuildFile; fileRef = 18C6991C22EB6E530086086F /* Main.storyboard */; };
		18C6992022EB6E550086086F /* Assets.xcassets in Resources */ = {isa = PBXBuildFile; fileRef = 18C6991F22EB6E550086086F /* Assets.xcassets */; };
		18C6992322EB6E550086086F /* LaunchScreen.storyboard in Resources */ = {isa = PBXBuildFile; fileRef = 18C6992122EB6E550086086F /* LaunchScreen.storyboard */; };
		18C6992E22EB6E550086086F /* tablepracticeTests.swift in Sources */ = {isa = PBXBuildFile; fileRef = 18C6992D22EB6E550086086F /* tablepracticeTests.swift */; };
		18C6993922EB6E550086086F /* tablepracticeUITests.swift in Sources */ = {isa = PBXBuildFile; fileRef = 18C6993822EB6E550086086F /* tablepracticeUITests.swift */; };
		18C6994722EB71340086086F /* DogTableViewController.swift in Sources */ = {isa = PBXBuildFile; fileRef = 18C6994622EB71340086086F /* DogTableViewController.swift */; };
/* End PBXBuildFile section */

/* Begin PBXContainerItemProxy section */
		18C6992A22EB6E550086086F /* PBXContainerItemProxy */ = {
			isa = PBXContainerItemProxy;
			containerPortal = 18C6990D22EB6E530086086F /* Project object */;
			proxyType = 1;
			remoteGlobalIDString = 18C6991422EB6E530086086F;
			remoteInfo = tablepractice;
		};
		18C6993522EB6E550086086F /* PBXContainerItemProxy */ = {
			isa = PBXContainerItemProxy;
			containerPortal = 18C6990D22EB6E530086086F /* Project object */;
			proxyType = 1;
			remoteGlobalIDString = 18C6991422EB6E530086086F;
			remoteInfo = tablepractice;
		};
/* End PBXContainerItemProxy section */

/* Begin PBXFileReference section */
		18C6991522EB6E530086086F /* tablepractice.app */ = {isa = PBXFileReference; explicitFileType = wrapper.application; includeInIndex = 0; path = tablepractice.app; sourceTree = BUILT_PRODUCTS_DIR; };
		18C6991822EB6E530086086F /* AppDelegate.swift */ = {isa = PBXFileReference; lastKnownFileType = sourcecode.swift; path = AppDelegate.swift; sourceTree = "<group>"; };
		18C6991D22EB6E530086086F /* Base */ = {isa = PBXFileReference; lastKnownFileType = file.storyboard; name = Base; path = Base.lproj/Main.storyboard; sourceTree = "<group>"; };
		18C6991F22EB6E550086086F /* Assets.xcassets */ = {isa = PBXFileReference; lastKnownFileType = folder.assetcatalog; path = Assets.xcassets; sourceTree = "<group>"; };
		18C6992222EB6E550086086F /* Base */ = {isa = PBXFileReference; lastKnownFileType = file.storyboard; name = Base; path = Base.lproj/LaunchScreen.storyboard; sourceTree = "<group>"; };
		18C6992422EB6E550086086F /* Info.plist */ = {isa = PBXFileReference; lastKnownFileType = text.plist.xml; path = Info.plist; sourceTree = "<group>"; };
		18C6992922EB6E550086086F /* tablepracticeTests.xctest */ = {isa = PBXFileReference; explicitFileType = wrapper.cfbundle; includeInIndex = 0; path = tablepracticeTests.xctest; sourceTree = BUILT_PRODUCTS_DIR; };
		18C6992D22EB6E550086086F /* tablepracticeTests.swift */ = {isa = PBXFileReference; lastKnownFileType = sourcecode.swift; path = tablepracticeTests.swift; sourceTree = "<group>"; };
		18C6992F22EB6E550086086F /* Info.plist */ = {isa = PBXFileReference; lastKnownFileType = text.plist.xml; path = Info.plist; sourceTree = "<group>"; };
		18C6993422EB6E550086086F /* tablepracticeUITests.xctest */ = {isa = PBXFileReference; explicitFileType = wrapper.cfbundle; includeInIndex = 0; path = tablepracticeUITests.xctest; sourceTree = BUILT_PRODUCTS_DIR; };
		18C6993822EB6E550086086F /* tablepracticeUITests.swift */ = {isa = PBXFileReference; lastKnownFileType = sourcecode.swift; path = tablepracticeUITests.swift; sourceTree = "<group>"; };
		18C6993A22EB6E550086086F /* Info.plist */ = {isa = PBXFileReference; lastKnownFileType = text.plist.xml; path = Info.plist; sourceTree = "<group>"; };
		18C6994622EB71340086086F /* DogTableViewController.swift */ = {isa = PBXFileReference; lastKnownFileType = sourcecode.swift; path = DogTableViewController.swift; sourceTree = "<group>"; };
/* End PBXFileReference section */

/* Begin PBXFrameworksBuildPhase section */
		18C6991222EB6E530086086F /* Frameworks */ = {
			isa = PBXFrameworksBuildPhase;
			buildActionMask = 2147483647;
			files = (
			);
			runOnlyForDeploymentPostprocessing = 0;
		};
		18C6992622EB6E550086086F /* Frameworks */ = {
			isa = PBXFrameworksBuildPhase;
			buildActionMask = 2147483647;
			files = (
			);
			runOnlyForDeploymentPostprocessing = 0;
		};
		18C6993122EB6E550086086F /* Frameworks */ = {
			isa = PBXFrameworksBuildPhase;
			buildActionMask = 2147483647;
			files = (
			);
			runOnlyForDeploymentPostprocessing = 0;
		};
/* End PBXFrameworksBuildPhase section */

/* Begin PBXGroup section */
		18C6990C22EB6E530086086F = {
			isa = PBXGroup;
			children = (
				18C6991722EB6E530086086F /* tablepractice */,
				18C6992C22EB6E550086086F /* tablepracticeTests */,
				18C6993722EB6E550086086F /* tablepracticeUITests */,
				18C6991622EB6E530086086F /* Products */,
			);
			sourceTree = "<group>";
		};
		18C6991622EB6E530086086F /* Products */ = {
			isa = PBXGroup;
			children = (
				18C6991522EB6E530086086F /* tablepractice.app */,
				18C6992922EB6E550086086F /* tablepracticeTests.xctest */,
				18C6993422EB6E550086086F /* tablepracticeUITests.xctest */,
			);
			name = Products;
			sourceTree = "<group>";
		};
		18C6991722EB6E530086086F /* tablepractice */ = {
			isa = PBXGroup;
			children = (
				18C6991822EB6E530086086F /* AppDelegate.swift */,
				18C6991C22EB6E530086086F /* Main.storyboard */,
				18C6991F22EB6E550086086F /* Assets.xcassets */,
				18C6992122EB6E550086086F /* LaunchScreen.storyboard */,
				18C6992422EB6E550086086F /* Info.plist */,
				18C6994622EB71340086086F /* DogTableViewController.swift */,
			);
			path = tablepractice;
			sourceTree = "<group>";
		};
		18C6992C22EB6E550086086F /* tablepracticeTests */ = {
			isa = PBXGroup;
			children = (
				18C6992D22EB6E550086086F /* tablepracticeTests.swift */,
				18C6992F22EB6E550086086F /* Info.plist */,
			);
			path = tablepracticeTests;
			sourceTree = "<group>";
		};
		18C6993722EB6E550086086F /* tablepracticeUITests */ = {
			isa = PBXGroup;
			children = (
				18C6993822EB6E550086086F /* tablepracticeUITests.swift */,
				18C6993A22EB6E550086086F /* Info.plist */,
			);
			path = tablepracticeUITests;
			sourceTree = "<group>";
		};
/* End PBXGroup section */

/* Begin PBXNativeTarget section */
		18C6991422EB6E530086086F /* tablepractice */ = {
			isa = PBXNativeTarget;
			buildConfigurationList = 18C6993D22EB6E550086086F /* Build configuration list for PBXNativeTarget "tablepractice" */;
			buildPhases = (
				18C6991122EB6E530086086F /* Sources */,
				18C6991222EB6E530086086F /* Frameworks */,
				18C6991322EB6E530086086F /* Resources */,
			);
			buildRules = (
			);
			dependencies = (
			);
			name = tablepractice;
			productName = tablepractice;
			productReference = 18C6991522EB6E530086086F /* tablepractice.app */;
			productType = "com.apple.product-type.application";
		};
		18C6992822EB6E550086086F /* tablepracticeTests */ = {
			isa = PBXNativeTarget;
			buildConfigurationList = 18C6994022EB6E550086086F /* Build configuration list for PBXNativeTarget "tablepracticeTests" */;
			buildPhases = (
				18C6992522EB6E550086086F /* Sources */,
				18C6992622EB6E550086086F /* Frameworks */,
				18C6992722EB6E550086086F /* Resources */,
			);
			buildRules = (
			);
			dependencies = (
				18C6992B22EB6E550086086F /* PBXTargetDependency */,
			);
			name = tablepracticeTests;
			productName = tablepracticeTests;
			productReference = 18C6992922EB6E550086086F /* tablepracticeTests.xctest */;
			productType = "com.apple.product-type.bundle.unit-test";
		};
		18C6993322EB6E550086086F /* tablepracticeUITests */ = {
			isa = PBXNativeTarget;
			buildConfigurationList = 18C6994322EB6E550086086F /* Build configuration list for PBXNativeTarget "tablepracticeUITests" */;
			buildPhases = (
				18C6993022EB6E550086086F /* Sources */,
				18C6993122EB6E550086086F /* Frameworks */,
				18C6993222EB6E550086086F /* Resources */,
			);
			buildRules = (
			);
			dependencies = (
				18C6993622EB6E550086086F /* PBXTargetDependency */,
			);
			name = tablepracticeUITests;
			productName = tablepracticeUITests;
			productReference = 18C6993422EB6E550086086F /* tablepracticeUITests.xctest */;
			productType = "com.apple.product-type.bundle.ui-testing";
		};
/* End PBXNativeTarget section */

/* Begin PBXProject section */
		18C6990D22EB6E530086086F /* Project object */ = {
			isa = PBXProject;
			attributes = {
				LastSwiftUpdateCheck = 1020;
				LastUpgradeCheck = 1020;
				ORGANIZATIONNAME = Apple;
				TargetAttributes = {
					18C6991422EB6E530086086F = {
						CreatedOnToolsVersion = 10.2.1;
					};
					18C6992822EB6E550086086F = {
						CreatedOnToolsVersion = 10.2.1;
						TestTargetID = 18C6991422EB6E530086086F;
					};
					18C6993322EB6E550086086F = {
						CreatedOnToolsVersion = 10.2.1;
						TestTargetID = 18C6991422EB6E530086086F;
					};
				};
			};
			buildConfigurationList = 18C6991022EB6E530086086F /* Build configuration list for PBXProject "tablepractice" */;
			compatibilityVersion = "Xcode 9.3";
			developmentRegion = en;
			hasScannedForEncodings = 0;
			knownRegions = (
				en,
				Base,
			);
			mainGroup = 18C6990C22EB6E530086086F;
			productRefGroup = 18C6991622EB6E530086086F /* Products */;
			projectDirPath = "";
			projectRoot = "";
			targets = (
				18C6991422EB6E530086086F /* tablepractice */,
				18C6992822EB6E550086086F /* tablepracticeTests */,
				18C6993322EB6E550086086F /* tablepracticeUITests */,
			);
		};
/* End PBXProject section */

/* Begin PBXResourcesBuildPhase section */
		18C6991322EB6E530086086F /* Resources */ = {
			isa = PBXResourcesBuildPhase;
			buildActionMask = 2147483647;
			files = (
				18C6992322EB6E550086086F /* LaunchScreen.storyboard in Resources */,
				18C6992022EB6E550086086F /* Assets.xcassets in Resources */,
				18C6991E22EB6E530086086F /* Main.storyboard in Resources */,
			);
			runOnlyForDeploymentPostprocessing = 0;
		};
		18C6992722EB6E550086086F /* Resources */ = {
			isa = PBXResourcesBuildPhase;
			buildActionMask = 2147483647;
			files = (
			);
			runOnlyForDeploymentPostprocessing = 0;
		};
		18C6993222EB6E550086086F /* Resources */ = {
			isa = PBXResourcesBuildPhase;
			buildActionMask = 2147483647;
			files = (
			);
			runOnlyForDeploymentPostprocessing = 0;
		};
/* End PBXResourcesBuildPhase section */

/* Begin PBXSourcesBuildPhase section */
		18C6991122EB6E530086086F /* Sources */ = {
			isa = PBXSourcesBuildPhase;
			buildActionMask = 2147483647;
			files = (
				18C6994722EB71340086086F /* DogTableViewController.swift in Sources */,
				18C6991922EB6E530086086F /* AppDelegate.swift in Sources */,
			);
			runOnlyForDeploymentPostprocessing = 0;
		};
		18C6992522EB6E550086086F /* Sources */ = {
			isa = PBXSourcesBuildPhase;
			buildActionMask = 2147483647;
			files = (
				18C6992E22EB6E550086086F /* tablepracticeTests.swift in Sources */,
			);
			runOnlyForDeploymentPostprocessing = 0;
		};
		18C6993022EB6E550086086F /* Sources */ = {
			isa = PBXSourcesBuildPhase;
			buildActionMask = 2147483647;
			files = (
				18C6993922EB6E550086086F /* tablepracticeUITests.swift in Sources */,
			);
			runOnlyForDeploymentPostprocessing = 0;
		};
/* End PBXSourcesBuildPhase section */

/* Begin PBXTargetDependency section */
		18C6992B22EB6E550086086F /* PBXTargetDependency */ = {
			isa = PBXTargetDependency;
			target = 18C6991422EB6E530086086F /* tablepractice */;
			targetProxy = 18C6992A22EB6E550086086F /* PBXContainerItemProxy */;
		};
		18C6993622EB6E550086086F /* PBXTargetDependency */ = {
			isa = PBXTargetDependency;
			target = 18C6991422EB6E530086086F /* tablepractice */;
			targetProxy = 18C6993522EB6E550086086F /* PBXContainerItemProxy */;
		};
/* End PBXTargetDependency section */

/* Begin PBXVariantGroup section */
		18C6991C22EB6E530086086F /* Main.storyboard */ = {
			isa = PBXVariantGroup;
			children = (
				18C6991D22EB6E530086086F /* Base */,
			);
			name = Main.storyboard;
			sourceTree = "<group>";
		};
		18C6992122EB6E550086086F /* LaunchScreen.storyboard */ = {
			isa = PBXVariantGroup;
			children = (
				18C6992222EB6E550086086F /* Base */,
			);
			name = LaunchScreen.storyboard;
			sourceTree = "<group>";
		};
/* End PBXVariantGroup section */

/* Begin XCBuildConfiguration section */
		18C6993B22EB6E550086086F /* Debug */ = {
			isa = XCBuildConfiguration;
			buildSettings = {
				ALWAYS_SEARCH_USER_PATHS = NO;
				CLANG_ANALYZER_NONNULL = YES;
				CLANG_ANALYZER_NUMBER_OBJECT_CONVERSION = YES_AGGRESSIVE;
				CLANG_CXX_LANGUAGE_STANDARD = "gnu++14";
				CLANG_CXX_LIBRARY = "libc++";
				CLANG_ENABLE_MODULES = YES;
				CLANG_ENABLE_OBJC_ARC = YES;
				CLANG_ENABLE_OBJC_WEAK = YES;
				CLANG_WARN_BLOCK_CAPTURE_AUTORELEASING = YES;
				CLANG_WARN_BOOL_CONVERSION = YES;
				CLANG_WARN_COMMA = YES;
				CLANG_WARN_CONSTANT_CONVERSION = YES;
				CLANG_WARN_DEPRECATED_OBJC_IMPLEMENTATIONS = YES;
				CLANG_WARN_DIRECT_OBJC_ISA_USAGE = YES_ERROR;
				CLANG_WARN_DOCUMENTATION_COMMENTS = YES;
				CLANG_WARN_EMPTY_BODY = YES;
				CLANG_WARN_ENUM_CONVERSION = YES;
				CLANG_WARN_INFINITE_RECURSION = YES;
				CLANG_WARN_INT_CONVERSION = YES;
				CLANG_WARN_NON_LITERAL_NULL_CONVERSION = YES;
				CLANG_WARN_OBJC_IMPLICIT_RETAIN_SELF = YES;
				CLANG_WARN_OBJC_LITERAL_CONVERSION = YES;
				CLANG_WARN_OBJC_ROOT_CLASS = YES_ERROR;
				CLANG_WARN_RANGE_LOOP_ANALYSIS = YES;
				CLANG_WARN_STRICT_PROTOTYPES = YES;
				CLANG_WARN_SUSPICIOUS_MOVE = YES;
				CLANG_WARN_UNGUARDED_AVAILABILITY = YES_AGGRESSIVE;
				CLANG_WARN_UNREACHABLE_CODE = YES;
				CLANG_WARN__DUPLICATE_METHOD_MATCH = YES;
				CODE_SIGN_IDENTITY = "iPhone Developer";
				COPY_PHASE_STRIP = NO;
				DEBUG_INFORMATION_FORMAT = dwarf;
				ENABLE_STRICT_OBJC_MSGSEND = YES;
				ENABLE_TESTABILITY = YES;
				GCC_C_LANGUAGE_STANDARD = gnu11;
				GCC_DYNAMIC_NO_PIC = NO;
				GCC_NO_COMMON_BLOCKS = YES;
				GCC_OPTIMIZATION_LEVEL = 0;
				GCC_PREPROCESSOR_DEFINITIONS = (
					"DEBUG=1",
					"$(inherited)",
				);
				GCC_WARN_64_TO_32_BIT_CONVERSION = YES;
				GCC_WARN_ABOUT_RETURN_TYPE = YES_ERROR;
				GCC_WARN_UNDECLARED_SELECTOR = YES;
				GCC_WARN_UNINITIALIZED_AUTOS = YES_AGGRESSIVE;
				GCC_WARN_UNUSED_FUNCTION = YES;
				GCC_WARN_UNUSED_VARIABLE = YES;
				IPHONEOS_DEPLOYMENT_TARGET = 12.2;
				MTL_ENABLE_DEBUG_INFO = INCLUDE_SOURCE;
				MTL_FAST_MATH = YES;
				ONLY_ACTIVE_ARCH = YES;
				SDKROOT = iphoneos;
				SWIFT_ACTIVE_COMPILATION_CONDITIONS = DEBUG;
				SWIFT_OPTIMIZATION_LEVEL = "-Onone";
			};
			name = Debug;
		};
		18C6993C22EB6E550086086F /* Release */ = {
			isa = XCBuildConfiguration;
			buildSettings = {
				ALWAYS_SEARCH_USER_PATHS = NO;
				CLANG_ANALYZER_NONNULL = YES;
				CLANG_ANALYZER_NUMBER_OBJECT_CONVERSION = YES_AGGRESSIVE;
				CLANG_CXX_LANGUAGE_STANDARD = "gnu++14";
				CLANG_CXX_LIBRARY = "libc++";
				CLANG_ENABLE_MODULES = YES;
				CLANG_ENABLE_OBJC_ARC = YES;
				CLANG_ENABLE_OBJC_WEAK = YES;
				CLANG_WARN_BLOCK_CAPTURE_AUTORELEASING = YES;
				CLANG_WARN_BOOL_CONVERSION = YES;
				CLANG_WARN_COMMA = YES;
				CLANG_WARN_CONSTANT_CONVERSION = YES;
				CLANG_WARN_DEPRECATED_OBJC_IMPLEMENTATIONS = YES;
				CLANG_WARN_DIRECT_OBJC_ISA_USAGE = YES_ERROR;
				CLANG_WARN_DOCUMENTATION_COMMENTS = YES;
				CLANG_WARN_EMPTY_BODY = YES;
				CLANG_WARN_ENUM_CONVERSION = YES;
				CLANG_WARN_INFINITE_RECURSION = YES;
				CLANG_WARN_INT_CONVERSION = YES;
				CLANG_WARN_NON_LITERAL_NULL_CONVERSION = YES;
				CLANG_WARN_OBJC_IMPLICIT_RETAIN_SELF = YES;
				CLANG_WARN_OBJC_LITERAL_CONVERSION = YES;
				CLANG_WARN_OBJC_ROOT_CLASS = YES_ERROR;
				CLANG_WARN_RANGE_LOOP_ANALYSIS = YES;
				CLANG_WARN_STRICT_PROTOTYPES = YES;
				CLANG_WARN_SUSPICIOUS_MOVE = YES;
				CLANG_WARN_UNGUARDED_AVAILABILITY = YES_AGGRESSIVE;
				CLANG_WARN_UNREACHABLE_CODE = YES;
				CLANG_WARN__DUPLICATE_METHOD_MATCH = YES;
				CODE_SIGN_IDENTITY = "iPhone Developer";
				COPY_PHASE_STRIP = NO;
				DEBUG_INFORMATION_FORMAT = "dwarf-with-dsym";
				ENABLE_NS_ASSERTIONS = NO;
				ENABLE_STRICT_OBJC_MSGSEND = YES;
				GCC_C_LANGUAGE_STANDARD = gnu11;
				GCC_NO_COMMON_BLOCKS = YES;
				GCC_WARN_64_TO_32_BIT_CONVERSION = YES;
				GCC_WARN_ABOUT_RETURN_TYPE = YES_ERROR;
				GCC_WARN_UNDECLARED_SELECTOR = YES;
				GCC_WARN_UNINITIALIZED_AUTOS = YES_AGGRESSIVE;
				GCC_WARN_UNUSED_FUNCTION = YES;
				GCC_WARN_UNUSED_VARIABLE = YES;
				IPHONEOS_DEPLOYMENT_TARGET = 12.2;
				MTL_ENABLE_DEBUG_INFO = NO;
				MTL_FAST_MATH = YES;
				SDKROOT = iphoneos;
				SWIFT_COMPILATION_MODE = wholemodule;
				SWIFT_OPTIMIZATION_LEVEL = "-O";
				VALIDATE_PRODUCT = YES;
			};
			name = Release;
		};
		18C6993E22EB6E550086086F /* Debug */ = {
			isa = XCBuildConfiguration;
			buildSettings = {
				ASSETCATALOG_COMPILER_APPICON_NAME = AppIcon;
				CODE_SIGN_STYLE = Automatic;
				INFOPLIST_FILE = tablepractice/Info.plist;
				LD_RUNPATH_SEARCH_PATHS = (
					"$(inherited)",
					"@executable_path/Frameworks",
				);
				PRODUCT_BUNDLE_IDENTIFIER = Wero.tablepractice;
				PRODUCT_NAME = "$(TARGET_NAME)";
				SWIFT_VERSION = 5.0;
				TARGETED_DEVICE_FAMILY = "1,2";
			};
			name = Debug;
		};
		18C6993F22EB6E550086086F /* Release */ = {
			isa = XCBuildConfiguration;
			buildSettings = {
				ASSETCATALOG_COMPILER_APPICON_NAME = AppIcon;
				CODE_SIGN_STYLE = Automatic;
				INFOPLIST_FILE = tablepractice/Info.plist;
				LD_RUNPATH_SEARCH_PATHS = (
					"$(inherited)",
					"@executable_path/Frameworks",
				);
				PRODUCT_BUNDLE_IDENTIFIER = Wero.tablepractice;
				PRODUCT_NAME = "$(TARGET_NAME)";
				SWIFT_VERSION = 5.0;
				TARGETED_DEVICE_FAMILY = "1,2";
			};
			name = Release;
		};
		18C6994122EB6E550086086F /* Debug */ = {
			isa = XCBuildConfiguration;
			buildSettings = {
				ALWAYS_EMBED_SWIFT_STANDARD_LIBRARIES = YES;
				BUNDLE_LOADER = "$(TEST_HOST)";
				CODE_SIGN_STYLE = Automatic;
				INFOPLIST_FILE = tablepracticeTests/Info.plist;
				LD_RUNPATH_SEARCH_PATHS = (
					"$(inherited)",
					"@executable_path/Frameworks",
					"@loader_path/Frameworks",
				);
				PRODUCT_BUNDLE_IDENTIFIER = Wero.tablepracticeTests;
				PRODUCT_NAME = "$(TARGET_NAME)";
				SWIFT_VERSION = 5.0;
				TARGETED_DEVICE_FAMILY = "1,2";
				TEST_HOST = "$(BUILT_PRODUCTS_DIR)/tablepractice.app/tablepractice";
			};
			name = Debug;
		};
		18C6994222EB6E550086086F /* Release */ = {
			isa = XCBuildConfiguration;
			buildSettings = {
				ALWAYS_EMBED_SWIFT_STANDARD_LIBRARIES = YES;
				BUNDLE_LOADER = "$(TEST_HOST)";
				CODE_SIGN_STYLE = Automatic;
				INFOPLIST_FILE = tablepracticeTests/Info.plist;
				LD_RUNPATH_SEARCH_PATHS = (
					"$(inherited)",
					"@executable_path/Frameworks",
					"@loader_path/Frameworks",
				);
				PRODUCT_BUNDLE_IDENTIFIER = Wero.tablepracticeTests;
				PRODUCT_NAME = "$(TARGET_NAME)";
				SWIFT_VERSION = 5.0;
				TARGETED_DEVICE_FAMILY = "1,2";
				TEST_HOST = "$(BUILT_PRODUCTS_DIR)/tablepractice.app/tablepractice";
			};
			name = Release;
		};
		18C6994422EB6E550086086F /* Debug */ = {
			isa = XCBuildConfiguration;
			buildSettings = {
				ALWAYS_EMBED_SWIFT_STANDARD_LIBRARIES = YES;
				CODE_SIGN_STYLE = Automatic;
				INFOPLIST_FILE = tablepracticeUITests/Info.plist;
				LD_RUNPATH_SEARCH_PATHS = (
					"$(inherited)",
					"@executable_path/Frameworks",
					"@loader_path/Frameworks",
				);
				PRODUCT_BUNDLE_IDENTIFIER = Wero.tablepracticeUITests;
				PRODUCT_NAME = "$(TARGET_NAME)";
				SWIFT_VERSION = 5.0;
				TARGETED_DEVICE_FAMILY = "1,2";
				TEST_TARGET_NAME = tablepractice;
			};
			name = Debug;
		};
		18C6994522EB6E550086086F /* Release */ = {
			isa = XCBuildConfiguration;
			buildSettings = {
				ALWAYS_EMBED_SWIFT_STANDARD_LIBRARIES = YES;
				CODE_SIGN_STYLE = Automatic;
				INFOPLIST_FILE = tablepracticeUITests/Info.plist;
				LD_RUNPATH_SEARCH_PATHS = (
					"$(inherited)",
					"@executable_path/Frameworks",
					"@loader_path/Frameworks",
				);
				PRODUCT_BUNDLE_IDENTIFIER = Wero.tablepracticeUITests;
				PRODUCT_NAME = "$(TARGET_NAME)";
				SWIFT_VERSION = 5.0;
				TARGETED_DEVICE_FAMILY = "1,2";
				TEST_TARGET_NAME = tablepractice;
			};
			name = Release;
		};
/* End XCBuildConfiguration section */

/* Begin XCConfigurationList section */
		18C6991022EB6E530086086F /* Build configuration list for PBXProject "tablepractice" */ = {
			isa = XCConfigurationList;
			buildConfigurations = (
				18C6993B22EB6E550086086F /* Debug */,
				18C6993C22EB6E550086086F /* Release */,
			);
			defaultConfigurationIsVisible = 0;
			defaultConfigurationName = Release;
		};
		18C6993D22EB6E550086086F /* Build configuration list for PBXNativeTarget "tablepractice" */ = {
			isa = XCConfigurationList;
			buildConfigurations = (
				18C6993E22EB6E550086086F /* Debug */,
				18C6993F22EB6E550086086F /* Release */,
			);
			defaultConfigurationIsVisible = 0;
			defaultConfigurationName = Release;
		};
		18C6994022EB6E550086086F /* Build configuration list for PBXNativeTarget "tablepracticeTests" */ = {
			isa = XCConfigurationList;
			buildConfigurations = (
				18C6994122EB6E550086086F /* Debug */,
				18C6994222EB6E550086086F /* Release */,
			);
			defaultConfigurationIsVisible = 0;
			defaultConfigurationName = Release;
		};
		18C6994322EB6E550086086F /* Build configuration list for PBXNativeTarget "tablepracticeUITests" */ = {
			isa = XCConfigurationList;
			buildConfigurations = (
				18C6994422EB6E550086086F /* Debug */,
				18C6994522EB6E550086086F /* Release */,
			);
			defaultConfigurationIsVisible = 0;
			defaultConfigurationName = Release;
		};
/* End XCConfigurationList section */
	};
	rootObject = 18C6990D22EB6E530086086F /* Project object */;
}
